
Microsoft Visual Studio Solution File, Format Version 12.00
# Visual Studio 15
VisualStudioVersion = 15.0.28307.271
MinimumVisualStudioVersion = 10.0.40219.1
Project("{9A19103F-16F7-4668-BE54-9A1E7A4F7556}") = "DevOps", "DevOps\DevOps.csproj", "{55067A3E-6927-4BB4-9574-F57DFAD87F6E}"
EndProject
Project("{FAE04EC0-301F-11D3-BF4B-00C04F79EFBC}") = "Testes", "Testes\Testes.csproj", "{980F53B7-BF54-4159-BDE4-7ABBE42C392E}"
EndProject
Global
	GlobalSection(SolutionConfigurationPlatforms) = preSolution
		Debug|Any CPU = Debug|Any CPU
		Release|Any CPU = Release|Any CPU
	EndGlobalSection
	GlobalSection(ProjectConfigurationPlatforms) = postSolution
		{55067A3E-6927-4BB4-9574-F57DFAD87F6E}.Debug|Any CPU.ActiveCfg = Debug|Any CPU
		{55067A3E-6927-4BB4-9574-F57DFAD87F6E}.Debug|Any CPU.Build.0 = Debug|Any CPU
		{55067A3E-6927-4BB4-9574-F57DFAD87F6E}.Release|Any CPU.ActiveCfg = Release|Any CPU
		{55067A3E-6927-4BB4-9574-F57DFAD87F6E}.Release|Any CPU.Build.0 = Release|Any CPU
		{980F53B7-BF54-4159-BDE4-7ABBE42C392E}.Debug|Any CPU.ActiveCfg = Debug|Any CPU
		{980F53B7-BF54-4159-BDE4-7ABBE42C392E}.Debug|Any CPU.Build.0 = Debug|Any CPU
		{980F53B7-BF54-4159-BDE4-7ABBE42C392E}.Release|Any CPU.ActiveCfg = Release|Any CPU
		{980F53B7-BF54-4159-BDE4-7ABBE42C392E}.Release|Any CPU.Build.0 = Release|Any CPU
	EndGlobalSection
	GlobalSection(SolutionProperties) = preSolution
		HideSolutionNode = FALSE
	EndGlobalSection
	GlobalSection(ExtensibilityGlobals) = postSolution
		SolutionGuid = {EB7AF12D-484A-448F-8142-EB57D14B21E5}
	EndGlobalSection
EndGlobal
